
Microsoft Visual Studio Solution File, Format Version 12.00
# Visual Studio Version 16
VisualStudioVersion = 16.0.30621.155
MinimumVisualStudioVersion = 10.0.40219.1
Project("{9A19103F-16F7-4668-BE54-9A1E7A4F7556}") = "Bot", "Bot\Bot.csproj", "{B92A5D33-40FC-44A8-8D01-D418660B1925}"
EndProject
Global
	GlobalSection(SolutionConfigurationPlatforms) = preSolution
		Debug|Any CPU = Debug|Any CPU
		Release|Any CPU = Release|Any CPU
	EndGlobalSection
	GlobalSection(ProjectConfigurationPlatforms) = postSolution
		{B92A5D33-40FC-44A8-8D01-D418660B1925}.Debug|Any CPU.ActiveCfg = Debug|Any CPU
		{B92A5D33-40FC-44A8-8D01-D418660B1925}.Debug|Any CPU.Build.0 = Debug|Any CPU
		{B92A5D33-40FC-44A8-8D01-D418660B1925}.Release|Any CPU.ActiveCfg = Release|Any CPU
		{B92A5D33-40FC-44A8-8D01-D418660B1925}.Release|Any CPU.Build.0 = Release|Any CPU
	EndGlobalSection
	GlobalSection(SolutionProperties) = preSolution
		HideSolutionNode = FALSE
	EndGlobalSection
	GlobalSection(ExtensibilityGlobals) = postSolution
		SolutionGuid = {143B40CB-0DD4-46E6-AE74-4572B625A4CE}
	EndGlobalSection
EndGlobal
